
Microsoft Visual Studio Solution File, Format Version 12.00
# Visual Studio 14
VisualStudioVersion = 14.0.25420.1
MinimumVisualStudioVersion = 10.0.40219.1
Project("{2150E333-8FDC-42A3-9474-1A3956D46DE8}") = "src", "src", "{0AEE677A-F9D6-4962-9A39-9581C68C6769}"
EndProject
Project("{2150E333-8FDC-42A3-9474-1A3956D46DE8}") = "client", "client", "{266BAB10-3DF9-4C15-AC3D-269B04B8E28E}"
EndProject
Project("{FAE04EC0-301F-11D3-BF4B-00C04F79EFBC}") = "web", "src\client\web\web.csproj", "{B5FA89AE-7AB0-493D-8DB1-FFDF68D240B2}"
EndProject
Project("{2150E333-8FDC-42A3-9474-1A3956D46DE8}") = "core", "core", "{56B0E826-961B-41D3-9A3F-A3418FB7E757}"
EndProject
Project("{2150E333-8FDC-42A3-9474-1A3956D46DE8}") = "doc", "doc", "{0B834A26-1D0A-4154-9844-7A4748080667}"
EndProject
Project("{2150E333-8FDC-42A3-9474-1A3956D46DE8}") = "WeixinSDK", "WeixinSDK", "{ECE698D6-6498-4BE1-9BBC-7CEA8C059ACB}"
EndProject
Project("{FAE04EC0-301F-11D3-BF4B-00C04F79EFBC}") = "Senparc.Weixin", "src\core\WeixinSDK\Senparc.Weixin\Senparc.Weixin.csproj", "{814092CD-9CD0-4FB7-91E8-D147F476F1FB}"
EndProject
Project("{FAE04EC0-301F-11D3-BF4B-00C04F79EFBC}") = "Senparc.Weixin.MP", "src\core\WeixinSDK\Senparc.Weixin.MP\Senparc.Weixin.MP.csproj", "{1D815FBF-451C-4E23-939C-CB80172F445C}"
EndProject
Project("{FAE04EC0-301F-11D3-BF4B-00C04F79EFBC}") = "Senparc.Weixin.MP.MvcExtension", "src\core\WeixinSDK\Senparc.Weixin.MP.MvcExtension\Senparc.Weixin.MP.MvcExtension.csproj", "{EE8630BC-6191-4C40-9061-12C76342562D}"
EndProject
Project("{FAE04EC0-301F-11D3-BF4B-00C04F79EFBC}") = "Senparc.Weixin.Open", "src\core\WeixinSDK\Senparc.Weixin.Open\Senparc.Weixin.Open.csproj", "{54732C3D-B673-4BBF-B0C3-6432E3D6F522}"
EndProject
Project("{FAE04EC0-301F-11D3-BF4B-00C04F79EFBC}") = "Senparc.Weixin.QY", "src\core\WeixinSDK\Senparc.Weixin.QY\Senparc.Weixin.QY.csproj", "{2CA35598-F1A1-4DC9-AA20-A4346BFCB954}"
EndProject
Project("{FAE04EC0-301F-11D3-BF4B-00C04F79EFBC}") = "Domain", "src\core\Domain\Domain.csproj", "{72CCF70E-69DD-42B7-B1B6-4E85758CA6F1}"
EndProject
Project("{2150E333-8FDC-42A3-9474-1A3956D46DE8}") = "test", "test", "{6AC3FCB5-AC95-4FFC-A5E0-B4E2843AAA05}"
EndProject
Project("{FAE04EC0-301F-11D3-BF4B-00C04F79EFBC}") = "UnitTestProject1", "src\test\UnitTestProject1\UnitTestProject1.csproj", "{D6800D31-570F-42DD-9E69-13A94FDDAEC7}"
EndProject
Global
	GlobalSection(SolutionConfigurationPlatforms) = preSolution
		Debug|Any CPU = Debug|Any CPU
		Release|Any CPU = Release|Any CPU
		Test|Any CPU = Test|Any CPU
	EndGlobalSection
	GlobalSection(ProjectConfigurationPlatforms) = postSolution
		{B5FA89AE-7AB0-493D-8DB1-FFDF68D240B2}.Debug|Any CPU.ActiveCfg = Debug|Any CPU
		{B5FA89AE-7AB0-493D-8DB1-FFDF68D240B2}.Debug|Any CPU.Build.0 = Debug|Any CPU
		{B5FA89AE-7AB0-493D-8DB1-FFDF68D240B2}.Release|Any CPU.ActiveCfg = Release|Any CPU
		{B5FA89AE-7AB0-493D-8DB1-FFDF68D240B2}.Release|Any CPU.Build.0 = Release|Any CPU
		{B5FA89AE-7AB0-493D-8DB1-FFDF68D240B2}.Test|Any CPU.ActiveCfg = Release|Any CPU
		{B5FA89AE-7AB0-493D-8DB1-FFDF68D240B2}.Test|Any CPU.Build.0 = Release|Any CPU
		{814092CD-9CD0-4FB7-91E8-D147F476F1FB}.Debug|Any CPU.ActiveCfg = Debug|Any CPU
		{814092CD-9CD0-4FB7-91E8-D147F476F1FB}.Debug|Any CPU.Build.0 = Debug|Any CPU
		{814092CD-9CD0-4FB7-91E8-D147F476F1FB}.Release|Any CPU.ActiveCfg = Release|Any CPU
		{814092CD-9CD0-4FB7-91E8-D147F476F1FB}.Release|Any CPU.Build.0 = Release|Any CPU
		{814092CD-9CD0-4FB7-91E8-D147F476F1FB}.Test|Any CPU.ActiveCfg = Release|Any CPU
		{814092CD-9CD0-4FB7-91E8-D147F476F1FB}.Test|Any CPU.Build.0 = Release|Any CPU
		{1D815FBF-451C-4E23-939C-CB80172F445C}.Debug|Any CPU.ActiveCfg = Debug|Any CPU
		{1D815FBF-451C-4E23-939C-CB80172F445C}.Debug|Any CPU.Build.0 = Debug|Any CPU
		{1D815FBF-451C-4E23-939C-CB80172F445C}.Release|Any CPU.ActiveCfg = Release|Any CPU
		{1D815FBF-451C-4E23-939C-CB80172F445C}.Release|Any CPU.Build.0 = Release|Any CPU
		{1D815FBF-451C-4E23-939C-CB80172F445C}.Test|Any CPU.ActiveCfg = Test|Any CPU
		{1D815FBF-451C-4E23-939C-CB80172F445C}.Test|Any CPU.Build.0 = Test|Any CPU
		{EE8630BC-6191-4C40-9061-12C76342562D}.Debug|Any CPU.ActiveCfg = Debug|Any CPU
		{EE8630BC-6191-4C40-9061-12C76342562D}.Debug|Any CPU.Build.0 = Debug|Any CPU
		{EE8630BC-6191-4C40-9061-12C76342562D}.Release|Any CPU.ActiveCfg = Release|Any CPU
		{EE8630BC-6191-4C40-9061-12C76342562D}.Release|Any CPU.Build.0 = Release|Any CPU
		{EE8630BC-6191-4C40-9061-12C76342562D}.Test|Any CPU.ActiveCfg = Release|Any CPU
		{EE8630BC-6191-4C40-9061-12C76342562D}.Test|Any CPU.Build.0 = Release|Any CPU
		{54732C3D-B673-4BBF-B0C3-6432E3D6F522}.Debug|Any CPU.ActiveCfg = Debug|Any CPU
		{54732C3D-B673-4BBF-B0C3-6432E3D6F522}.Debug|Any CPU.Build.0 = Debug|Any CPU
		{54732C3D-B673-4BBF-B0C3-6432E3D6F522}.Release|Any CPU.ActiveCfg = Release|Any CPU
		{54732C3D-B673-4BBF-B0C3-6432E3D6F522}.Release|Any CPU.Build.0 = Release|Any CPU
		{54732C3D-B673-4BBF-B0C3-6432E3D6F522}.Test|Any CPU.ActiveCfg = Release|Any CPU
		{54732C3D-B673-4BBF-B0C3-6432E3D6F522}.Test|Any CPU.Build.0 = Release|Any CPU
		{2CA35598-F1A1-4DC9-AA20-A4346BFCB954}.Debug|Any CPU.ActiveCfg = Debug|Any CPU
		{2CA35598-F1A1-4DC9-AA20-A4346BFCB954}.Debug|Any CPU.Build.0 = Debug|Any CPU
		{2CA35598-F1A1-4DC9-AA20-A4346BFCB954}.Release|Any CPU.ActiveCfg = Release|Any CPU
		{2CA35598-F1A1-4DC9-AA20-A4346BFCB954}.Release|Any CPU.Build.0 = Release|Any CPU
		{2CA35598-F1A1-4DC9-AA20-A4346BFCB954}.Test|Any CPU.ActiveCfg = Release|Any CPU
		{2CA35598-F1A1-4DC9-AA20-A4346BFCB954}.Test|Any CPU.Build.0 = Release|Any CPU
		{72CCF70E-69DD-42B7-B1B6-4E85758CA6F1}.Debug|Any CPU.ActiveCfg = Debug|Any CPU
		{72CCF70E-69DD-42B7-B1B6-4E85758CA6F1}.Debug|Any CPU.Build.0 = Debug|Any CPU
		{72CCF70E-69DD-42B7-B1B6-4E85758CA6F1}.Release|Any CPU.ActiveCfg = Release|Any CPU
		{72CCF70E-69DD-42B7-B1B6-4E85758CA6F1}.Release|Any CPU.Build.0 = Release|Any CPU
		{72CCF70E-69DD-42B7-B1B6-4E85758CA6F1}.Test|Any CPU.ActiveCfg = Release|Any CPU
		{72CCF70E-69DD-42B7-B1B6-4E85758CA6F1}.Test|Any CPU.Build.0 = Release|Any CPU
		{D6800D31-570F-42DD-9E69-13A94FDDAEC7}.Debug|Any CPU.ActiveCfg = Debug|Any CPU
		{D6800D31-570F-42DD-9E69-13A94FDDAEC7}.Debug|Any CPU.Build.0 = Debug|Any CPU
		{D6800D31-570F-42DD-9E69-13A94FDDAEC7}.Release|Any CPU.ActiveCfg = Release|Any CPU
		{D6800D31-570F-42DD-9E69-13A94FDDAEC7}.Release|Any CPU.Build.0 = Release|Any CPU
		{D6800D31-570F-42DD-9E69-13A94FDDAEC7}.Test|Any CPU.ActiveCfg = Release|Any CPU
		{D6800D31-570F-42DD-9E69-13A94FDDAEC7}.Test|Any CPU.Build.0 = Release|Any CPU
	EndGlobalSection
	GlobalSection(SolutionProperties) = preSolution
		HideSolutionNode = FALSE
	EndGlobalSection
	GlobalSection(NestedProjects) = preSolution
		{266BAB10-3DF9-4C15-AC3D-269B04B8E28E} = {0AEE677A-F9D6-4962-9A39-9581C68C6769}
		{B5FA89AE-7AB0-493D-8DB1-FFDF68D240B2} = {266BAB10-3DF9-4C15-AC3D-269B04B8E28E}
		{56B0E826-961B-41D3-9A3F-A3418FB7E757} = {0AEE677A-F9D6-4962-9A39-9581C68C6769}
		{0B834A26-1D0A-4154-9844-7A4748080667} = {0AEE677A-F9D6-4962-9A39-9581C68C6769}
		{ECE698D6-6498-4BE1-9BBC-7CEA8C059ACB} = {56B0E826-961B-41D3-9A3F-A3418FB7E757}
		{814092CD-9CD0-4FB7-91E8-D147F476F1FB} = {ECE698D6-6498-4BE1-9BBC-7CEA8C059ACB}
		{1D815FBF-451C-4E23-939C-CB80172F445C} = {ECE698D6-6498-4BE1-9BBC-7CEA8C059ACB}
		{EE8630BC-6191-4C40-9061-12C76342562D} = {ECE698D6-6498-4BE1-9BBC-7CEA8C059ACB}
		{54732C3D-B673-4BBF-B0C3-6432E3D6F522} = {ECE698D6-6498-4BE1-9BBC-7CEA8C059ACB}
		{2CA35598-F1A1-4DC9-AA20-A4346BFCB954} = {ECE698D6-6498-4BE1-9BBC-7CEA8C059ACB}
		{72CCF70E-69DD-42B7-B1B6-4E85758CA6F1} = {56B0E826-961B-41D3-9A3F-A3418FB7E757}
		{6AC3FCB5-AC95-4FFC-A5E0-B4E2843AAA05} = {0AEE677A-F9D6-4962-9A39-9581C68C6769}
		{D6800D31-570F-42DD-9E69-13A94FDDAEC7} = {6AC3FCB5-AC95-4FFC-A5E0-B4E2843AAA05}
	EndGlobalSection
EndGlobal
